{
  "name": "ZPK Mod",
  "lockfileVersion": 3,
  "requires": true,
  "packages": {
    "": {
      "dependencies": {
        "@minecraft/server": "^1.12.0-beta.1.21.0-stable",
        "@minecraft/server-ui": "^1.2.0-beta.1.21.0-stable"
      },
      "devDependencies": {
        "bun": "^1.1.13",
        "prettier": "^3.2.5",
        "typescript": "^4.7.4"
      }
    },
    "node_modules/@minecraft/common": {
      "version": "1.2.0",
      "resolved": "https://registry.npmjs.org/@minecraft/common/-/common-1.2.0.tgz",
      "integrity": "sha512-JdmEq4P3Z/FtoBzhLijFgMSVFnFRrUoLwY8DHHrgtFo0mfLTOLTB1RErYjLMsA6b7BGVNxkX/pfFRiH7QZ0XwQ=="
    },
    "node_modules/@minecraft/server": {
      "version": "1.12.0-beta.1.21.0-stable",
      "resolved": "https://registry.npmjs.org/@minecraft/server/-/server-1.12.0-beta.1.21.0-stable.tgz",
      "integrity": "sha512-Dkn+H+q/tKZOmjoKDSF9gVXtcc2hn92EvwgkFG0JMxwYYI77gjn8UqYR4I3eZdlM0TJsY0MlyF8IIvRDywJkGA==",
      "dependencies": {
        "@minecraft/common": "^1.1.0"
      }
    },
    "node_modules/@minecraft/server-ui": {
      "version": "1.2.0-beta.1.21.0-stable",
      "resolved": "https://registry.npmjs.org/@minecraft/server-ui/-/server-ui-1.2.0-beta.1.21.0-stable.tgz",
      "integrity": "sha512-NwPBc/weVbXh0RRJvc/rXrfW4YrIy87AkmrivMPb/kumb8FRYrU7KccgVB1xrL8ikpD25Zum7X4xUW7vkEoTLg==",
      "dependencies": {
        "@minecraft/common": "^1.0.0",
        "@minecraft/server": "^1.8.0"
      }
    },
    "node_modules/@minecraft/server-ui/node_modules/@minecraft/server": {
      "version": "1.11.0",
      "resolved": "https://registry.npmjs.org/@minecraft/server/-/server-1.11.0.tgz",
      "integrity": "sha512-sVTKkAR7fgcgRrBrl+QiqlwiL07JTCSRbwSLpkmsPDvgfhH4bQsdPXC8fWZGRxwKikC4/oBxGq5j6pJp87yF6Q==",
      "dependencies": {
        "@minecraft/common": "^1.1.0"
      }
    },
    "node_modules/@oven/bun-darwin-aarch64": {
      "version": "1.1.13",
      "resolved": "https://registry.npmjs.org/@oven/bun-darwin-aarch64/-/bun-darwin-aarch64-1.1.13.tgz",
      "integrity": "sha512-XjnL/B3i7s3xR7f7rYtXU5fyVb27g1Hd5fsmkyi1sNmB/34Lt/KRMmhp4C7brjxFtbI3NSkrvF+b3PkprQzPCA==",
      "cpu": [
        "arm64"
      ],
      "dev": true,
      "optional": true,
      "os": [
        "darwin"
      ]
    },
    "node_modules/@oven/bun-darwin-x64": {
      "version": "1.1.13",
      "resolved": "https://registry.npmjs.org/@oven/bun-darwin-x64/-/bun-darwin-x64-1.1.13.tgz",
      "integrity": "sha512-N9t2JHLIEs/n+d7R6ybU/3d7o7xGeKd1U3vip9RMLaEAaJM6mfByAHmhwaQesr3Z6ljcs1zkQJNaFMJA/cJqnA==",
      "cpu": [
        "x64"
      ],
      "dev": true,
      "optional": true,
      "os": [
        "darwin"
      ]
    },
    "node_modules/@oven/bun-darwin-x64-baseline": {
      "version": "1.1.13",
      "resolved": "https://registry.npmjs.org/@oven/bun-darwin-x64-baseline/-/bun-darwin-x64-baseline-1.1.13.tgz",
      "integrity": "sha512-RvVAeFMIayd8HKJqkWnZdI9BQJbH87jAXhNVMLlHpGqP4JVvkPLCKJT5jr9/4FGeWtQmMMZufH6PzTxpHCc9HQ==",
      "cpu": [
        "x64"
      ],
      "dev": true,
      "optional": true,
      "os": [
        "darwin"
      ]
    },
    "node_modules/@oven/bun-linux-aarch64": {
      "version": "1.1.13",
      "resolved": "https://registry.npmjs.org/@oven/bun-linux-aarch64/-/bun-linux-aarch64-1.1.13.tgz",
      "integrity": "sha512-5F9EKOjQauRXr+D3VjeMebKyq93xhdgrBOfpPnAn/C+NLFs1Wa2ZjwGAKjW2akmqht6milHft3sbsnCIR+MWIQ==",
      "cpu": [
        "arm64"
      ],
      "dev": true,
      "optional": true,
      "os": [
        "linux"
      ]
    },
    "node_modules/@oven/bun-linux-x64": {
      "version": "1.1.13",
      "resolved": "https://registry.npmjs.org/@oven/bun-linux-x64/-/bun-linux-x64-1.1.13.tgz",
      "integrity": "sha512-3mq50HhwJbAwu0Dw6OCB5PS6uD1bpFGb8XrEgxnOB3ZydCBOVRRjoY1Jb8HjYHVKzFJZoPrUqulToA8od3IzeQ==",
      "cpu": [
        "x64"
      ],
      "dev": true,
      "optional": true,
      "os": [
        "linux"
      ]
    },
    "node_modules/@oven/bun-linux-x64-baseline": {
      "version": "1.1.13",
      "resolved": "https://registry.npmjs.org/@oven/bun-linux-x64-baseline/-/bun-linux-x64-baseline-1.1.13.tgz",
      "integrity": "sha512-0zhCVLsFcIyfqqsum7XUejuF3QhRkhI1DxgHQrLs16EKS4gt4X4A49jgTIHOvyedHcKb3FZOLsyjpOejB8kIpg==",
      "cpu": [
        "x64"
      ],
      "dev": true,
      "optional": true,
      "os": [
        "linux"
      ]
    },
    "node_modules/@oven/bun-windows-x64": {
      "version": "1.1.13",
      "resolved": "https://registry.npmjs.org/@oven/bun-windows-x64/-/bun-windows-x64-1.1.13.tgz",
      "integrity": "sha512-PwFKQVFzhpUMAF86PwIEctfFT8ZQe1Gueqn1dKk07lwJOBve+Ou2NUEoQsq0eac0Cbw2C20fScjyVzDBwIMIPQ==",
      "cpu": [
        "x64"
      ],
      "dev": true,
      "optional": true,
      "os": [
        "win32"
      ]
    },
    "node_modules/@oven/bun-windows-x64-baseline": {
      "version": "1.1.13",
      "resolved": "https://registry.npmjs.org/@oven/bun-windows-x64-baseline/-/bun-windows-x64-baseline-1.1.13.tgz",
      "integrity": "sha512-7CVWrc/6LSRrdkxwBjAt4ehqQrLxC9k8+LI7VZKAYt1yNHM3JaOhcPyt3AJB10cmzc5HA/q/uSi6xcNUnlCWiA==",
      "cpu": [
        "x64"
      ],
      "dev": true,
      "optional": true,
      "os": [
        "win32"
      ]
    },
    "node_modules/bun": {
      "version": "1.1.13",
      "resolved": "https://registry.npmjs.org/bun/-/bun-1.1.13.tgz",
      "integrity": "sha512-yrujTLEspzQJfh7hd2xkYM5skQsjBwVm/wq0cyYBkR5x4FRveOUqeAqtFOPH4aHvsDgwVN+dO0uIrlvE7dDsDQ==",
      "cpu": [
        "arm64",
        "x64"
      ],
      "dev": true,
      "hasInstallScript": true,
      "os": [
        "darwin",
        "linux",
        "win32"
      ],
      "bin": {
        "bun": "bin/bun.exe",
        "bunx": "bin/bun.exe"
      },
      "optionalDependencies": {
        "@oven/bun-darwin-aarch64": "1.1.13",
        "@oven/bun-darwin-x64": "1.1.13",
        "@oven/bun-darwin-x64-baseline": "1.1.13",
        "@oven/bun-linux-aarch64": "1.1.13",
        "@oven/bun-linux-x64": "1.1.13",
        "@oven/bun-linux-x64-baseline": "1.1.13",
        "@oven/bun-windows-x64": "1.1.13",
        "@oven/bun-windows-x64-baseline": "1.1.13"
      }
    },
    "node_modules/prettier": {
      "version": "3.3.2",
      "resolved": "https://registry.npmjs.org/prettier/-/prettier-3.3.2.tgz",
      "integrity": "sha512-rAVeHYMcv8ATV5d508CFdn+8/pHPpXeIid1DdrPwXnaAdH7cqjVbpJaT5eq4yRAFU/lsbwYwSF/n5iNrdJHPQA==",
      "dev": true,
      "bin": {
        "prettier": "bin/prettier.cjs"
      },
      "engines": {
        "node": ">=14"
      },
      "funding": {
        "url": "https://github.com/prettier/prettier?sponsor=1"
      }
    },
    "node_modules/typescript": {
      "version": "4.9.5",
      "resolved": "https://registry.npmjs.org/typescript/-/typescript-4.9.5.tgz",
      "integrity": "sha512-1FXk9E2Hm+QzZQ7z+McJiHL4NW1F2EzMu9Nq9i3zAaGqibafqYwCVU6WyWAuyQRRzOlxou8xZSyXLEN8oKj24g==",
      "dev": true,
      "bin": {
        "tsc": "bin/tsc",
        "tsserver": "bin/tsserver"
      },
      "engines": {
        "node": ">=4.2.0"
      }
    }
  }
}
